Microsoft Visual Studio Solution File, Format Version 11.00
# Visual Studio 2008

Project("{73841D3B-B88D-C5D2-16A2-4413F46F8DEF}") = "PiperHero", "Assembly-CSharp-firstpass.csproj", "{517EA5F4-CF80-6F00-8E33-31D14055A055}"
EndProject
Project("{73841D3B-B88D-C5D2-16A2-4413F46F8DEF}") = "PiperHero", "Assembly-CSharp.csproj", "{2FC53E37-C523-1A7A-BF1D-4AD44453616D}"
EndProject
Project("{73841D3B-B88D-C5D2-16A2-4413F46F8DEF}") = "PiperHero", "Assembly-CSharp-Editor.csproj", "{0A6A4302-4102-3ECB-F245-D3868E2E55B0}"
EndProject
Global
	GlobalSection(SolutionConfigurationPlatforms) = preSolution
		Debug|Any CPU = Debug|Any CPU
		Release|Any CPU = Release|Any CPU
	EndGlobalSection
	GlobalSection(ProjectConfigurationPlatforms) = postSolution
		{517EA5F4-CF80-6F00-8E33-31D14055A055}.Debug|Any CPU.ActiveCfg = Debug|Any CPU
		{517EA5F4-CF80-6F00-8E33-31D14055A055}.Debug|Any CPU.Build.0 = Debug|Any CPU
		{517EA5F4-CF80-6F00-8E33-31D14055A055}.Release|Any CPU.ActiveCfg = Release|Any CPU
		{517EA5F4-CF80-6F00-8E33-31D14055A055}.Release|Any CPU.Build.0 = Release|Any CPU
		{2FC53E37-C523-1A7A-BF1D-4AD44453616D}.Debug|Any CPU.ActiveCfg = Debug|Any CPU
		{2FC53E37-C523-1A7A-BF1D-4AD44453616D}.Debug|Any CPU.Build.0 = Debug|Any CPU
		{2FC53E37-C523-1A7A-BF1D-4AD44453616D}.Release|Any CPU.ActiveCfg = Release|Any CPU
		{2FC53E37-C523-1A7A-BF1D-4AD44453616D}.Release|Any CPU.Build.0 = Release|Any CPU
		{0A6A4302-4102-3ECB-F245-D3868E2E55B0}.Debug|Any CPU.ActiveCfg = Debug|Any CPU
		{0A6A4302-4102-3ECB-F245-D3868E2E55B0}.Debug|Any CPU.Build.0 = Debug|Any CPU
		{0A6A4302-4102-3ECB-F245-D3868E2E55B0}.Release|Any CPU.ActiveCfg = Release|Any CPU
		{0A6A4302-4102-3ECB-F245-D3868E2E55B0}.Release|Any CPU.Build.0 = Release|Any CPU
	EndGlobalSection
	GlobalSection(SolutionProperties) = preSolution
		HideSolutionNode = FALSE
	EndGlobalSection
	GlobalSection(MonoDevelopProperties) = preSolution
		StartupItem = Assembly-CSharp.csproj
	EndGlobalSection
EndGlobal
